
Microsoft Visual Studio Solution File, Format Version 12.00
# Visual Studio Version 16
VisualStudioVersion = 16.0.30503.244
MinimumVisualStudioVersion = 10.0.40219.1
Project("{FAE04EC0-301F-11D3-BF4B-00C04F79EFBC}") = "Toy", "Toy\Toy.csproj", "{16AAECD0-03B2-43CC-9CAE-8CF095143FD1}"
EndProject
Global
	GlobalSection(SolutionConfigurationPlatforms) = preSolution
		Debug|Any CPU = Debug|Any CPU
		Release|Any CPU = Release|Any CPU
	EndGlobalSection
	GlobalSection(ProjectConfigurationPlatforms) = postSolution
		{16AAECD0-03B2-43CC-9CAE-8CF095143FD1}.Debug|Any CPU.ActiveCfg = Debug|Any CPU
		{16AAECD0-03B2-43CC-9CAE-8CF095143FD1}.Debug|Any CPU.Build.0 = Debug|Any CPU
		{16AAECD0-03B2-43CC-9CAE-8CF095143FD1}.Release|Any CPU.ActiveCfg = Release|Any CPU
		{16AAECD0-03B2-43CC-9CAE-8CF095143FD1}.Release|Any CPU.Build.0 = Release|Any CPU
	EndGlobalSection
	GlobalSection(SolutionProperties) = preSolution
		HideSolutionNode = FALSE
	EndGlobalSection
	GlobalSection(ExtensibilityGlobals) = postSolution
		SolutionGuid = {D292887A-576A-45AA-808F-3815C8C67A6A}
	EndGlobalSection
EndGlobal
