
Microsoft Visual Studio Solution File, Format Version 12.00
# Visual Studio Version 16
VisualStudioVersion = 16.0.30413.136
MinimumVisualStudioVersion = 10.0.40219.1
Project("{FAE04EC0-301F-11D3-BF4B-00C04F79EFBC}") = "ClassesFilesDateTime", "ClassesFilesDateTime\ClassesFilesDateTime.csproj", "{7F9DCA2E-67B8-4877-B306-420CEB635CDD}"
EndProject
Project("{FAE04EC0-301F-11D3-BF4B-00C04F79EFBC}") = "Methods", "Methods\Methods.csproj", "{1DA99EFE-263C-4F88-AEF0-26450EEE0459}"
EndProject
Global
	GlobalSection(SolutionConfigurationPlatforms) = preSolution
		Debug|Any CPU = Debug|Any CPU
		Release|Any CPU = Release|Any CPU
	EndGlobalSection
	GlobalSection(ProjectConfigurationPlatforms) = postSolution
		{7F9DCA2E-67B8-4877-B306-420CEB635CDD}.Debug|Any CPU.ActiveCfg = Debug|Any CPU
		{7F9DCA2E-67B8-4877-B306-420CEB635CDD}.Debug|Any CPU.Build.0 = Debug|Any CPU
		{7F9DCA2E-67B8-4877-B306-420CEB635CDD}.Release|Any CPU.ActiveCfg = Release|Any CPU
		{7F9DCA2E-67B8-4877-B306-420CEB635CDD}.Release|Any CPU.Build.0 = Release|Any CPU
		{1DA99EFE-263C-4F88-AEF0-26450EEE0459}.Debug|Any CPU.ActiveCfg = Debug|Any CPU
		{1DA99EFE-263C-4F88-AEF0-26450EEE0459}.Debug|Any CPU.Build.0 = Debug|Any CPU
		{1DA99EFE-263C-4F88-AEF0-26450EEE0459}.Release|Any CPU.ActiveCfg = Release|Any CPU
		{1DA99EFE-263C-4F88-AEF0-26450EEE0459}.Release|Any CPU.Build.0 = Release|Any CPU
	EndGlobalSection
	GlobalSection(SolutionProperties) = preSolution
		HideSolutionNode = FALSE
	EndGlobalSection
	GlobalSection(ExtensibilityGlobals) = postSolution
		SolutionGuid = {673F0F63-7247-486D-A757-672C7CD00598}
	EndGlobalSection
EndGlobal
